
Microsoft Visual Studio Solution File, Format Version 12.00
# Visual Studio 15
VisualStudioVersion = 15.0.28307.489
MinimumVisualStudioVersion = 10.0.40219.1
Project("{FAE04EC0-301F-11D3-BF4B-00C04F79EFBC}") = "NumbersConverter", "NumbersConverter\NumbersConverter.csproj", "{C1D2B7A6-08DA-45ED-822E-B47E48B8B7E9}"
EndProject
Global
	GlobalSection(SolutionConfigurationPlatforms) = preSolution
		Debug|Any CPU = Debug|Any CPU
		Release|Any CPU = Release|Any CPU
	EndGlobalSection
	GlobalSection(ProjectConfigurationPlatforms) = postSolution
		{C1D2B7A6-08DA-45ED-822E-B47E48B8B7E9}.Debug|Any CPU.ActiveCfg = Debug|Any CPU
		{C1D2B7A6-08DA-45ED-822E-B47E48B8B7E9}.Debug|Any CPU.Build.0 = Debug|Any CPU
		{C1D2B7A6-08DA-45ED-822E-B47E48B8B7E9}.Release|Any CPU.ActiveCfg = Release|Any CPU
		{C1D2B7A6-08DA-45ED-822E-B47E48B8B7E9}.Release|Any CPU.Build.0 = Release|Any CPU
	EndGlobalSection
	GlobalSection(SolutionProperties) = preSolution
		HideSolutionNode = FALSE
	EndGlobalSection
	GlobalSection(ExtensibilityGlobals) = postSolution
		SolutionGuid = {365280C3-6E1E-478D-AC2E-49A70A87F6CF}
	EndGlobalSection
EndGlobal
